// !$*UTF8*$!
{
	archiveVersion = 1;
	classes = {
	};
	objectVersion = 50;
	objects = {

/* Begin PBXBuildFile section */
		0C3542B424FFC1270023C271 /* Constants.swift in Sources */ = {isa = PBXBuildFile; fileRef = 0C3542B324FFC1270023C271 /* Constants.swift */; };
		0C4D74EB251376E4001F4300 /* Intempt.framework in Frameworks */ = {isa = PBXBuildFile; fileRef = 0C4D74E9251376DF001F4300 /* Intempt.framework */; };
		0C4D74EC251376E4001F4300 /* Intempt.framework in Embed Frameworks */ = {isa = PBXBuildFile; fileRef = 0C4D74E9251376DF001F4300 /* Intempt.framework */; settings = {ATTRIBUTES = (CodeSignOnCopy, RemoveHeadersOnCopy, ); }; };
		0C9E551F261744850041022A /* AppTrackingTransparency.framework in Frameworks */ = {isa = PBXBuildFile; fileRef = 0C9E551E261744850041022A /* AppTrackingTransparency.framework */; };
		0CE66FB625C94A2E00E3AA64 /* Buy.framework in Frameworks */ = {isa = PBXBuildFile; fileRef = 0CE66FB425C94A2E00E3AA64 /* Buy.framework */; };
		0CE66FB725C94A2E00E3AA64 /* Buy.framework in Embed Frameworks */ = {isa = PBXBuildFile; fileRef = 0CE66FB425C94A2E00E3AA64 /* Buy.framework */; settings = {ATTRIBUTES = (CodeSignOnCopy, RemoveHeadersOnCopy, ); }; };
		0CE66FB825C94A2E00E3AA64 /* Pay.framework in Frameworks */ = {isa = PBXBuildFile; fileRef = 0CE66FB525C94A2E00E3AA64 /* Pay.framework */; };
		0CE66FB925C94A2E00E3AA64 /* Pay.framework in Embed Frameworks */ = {isa = PBXBuildFile; fileRef = 0CE66FB525C94A2E00E3AA64 /* Pay.framework */; settings = {ATTRIBUTES = (CodeSignOnCopy, RemoveHeadersOnCopy, ); }; };
		0CFCC08F25162C84009CBE9D /* ShippingRateViewModel+PayShippingRate.swift in Sources */ = {isa = PBXBuildFile; fileRef = 0CFCC07825162C84009CBE9D /* ShippingRateViewModel+PayShippingRate.swift */; };
		0CFCC09025162C84009CBE9D /* PaymentViewModel.swift in Sources */ = {isa = PBXBuildFile; fileRef = 0CFCC07925162C84009CBE9D /* PaymentViewModel.swift */; };
		0CFCC09125162C84009CBE9D /* ShippingRateViewModel.swift in Sources */ = {isa = PBXBuildFile; fileRef = 0CFCC07A25162C84009CBE9D /* ShippingRateViewModel.swift */; };
		0CFCC09225162C84009CBE9D /* CheckoutViewModel+PayCheckout.swift in Sources */ = {isa = PBXBuildFile; fileRef = 0CFCC07B25162C84009CBE9D /* CheckoutViewModel+PayCheckout.swift */; };
		0CFCC09325162C84009CBE9D /* DiscountCodeViewModel.swift in Sources */ = {isa = PBXBuildFile; fileRef = 0CFCC07C25162C84009CBE9D /* DiscountCodeViewModel.swift */; };
		0CFCC09425162C84009CBE9D /* DiscountApplication.swift in Sources */ = {isa = PBXBuildFile; fileRef = 0CFCC07D25162C84009CBE9D /* DiscountApplication.swift */; };
		0CFCC09525162C84009CBE9D /* ScriptCodeViewModel.swift in Sources */ = {isa = PBXBuildFile; fileRef = 0CFCC07E25162C84009CBE9D /* ScriptCodeViewModel.swift */; };
		0CFCC09625162C84009CBE9D /* CheckoutViewModel.swift in Sources */ = {isa = PBXBuildFile; fileRef = 0CFCC07F25162C84009CBE9D /* CheckoutViewModel.swift */; };
		0CFCC09725162C84009CBE9D /* CreditCardViewModel.swift in Sources */ = {isa = PBXBuildFile; fileRef = 0CFCC08025162C84009CBE9D /* CreditCardViewModel.swift */; };
		0CFCC09825162C84009CBE9D /* GiftCardViewModel.swift in Sources */ = {isa = PBXBuildFile; fileRef = 0CFCC08125162C84009CBE9D /* GiftCardViewModel.swift */; };
		0CFCC09925162C84009CBE9D /* ImageViewModel.swift in Sources */ = {isa = PBXBuildFile; fileRef = 0CFCC08225162C84009CBE9D /* ImageViewModel.swift */; };
		0CFCC09A25162C84009CBE9D /* ManualCodeViewModel.swift in Sources */ = {isa = PBXBuildFile; fileRef = 0CFCC08325162C84009CBE9D /* ManualCodeViewModel.swift */; };
		0CFCC09B25162C85009CBE9D /* VariantViewModel.swift in Sources */ = {isa = PBXBuildFile; fileRef = 0CFCC08425162C84009CBE9D /* VariantViewModel.swift */; };
		0CFCC09C25162C85009CBE9D /* DiscountAllocationViewModel.swift in Sources */ = {isa = PBXBuildFile; fileRef = 0CFCC08525162C84009CBE9D /* DiscountAllocationViewModel.swift */; };
		0CFCC09D25162C85009CBE9D /* AddressViewModel.swift in Sources */ = {isa = PBXBuildFile; fileRef = 0CFCC08625162C84009CBE9D /* AddressViewModel.swift */; };
		0CFCC09E25162C85009CBE9D /* AddressViewModel+PayAddress.swift in Sources */ = {isa = PBXBuildFile; fileRef = 0CFCC08725162C84009CBE9D /* AddressViewModel+PayAddress.swift */; };
		0CFCC09F25162C85009CBE9D /* GiftCardViewModel+PayGiftCard.swift in Sources */ = {isa = PBXBuildFile; fileRef = 0CFCC08825162C84009CBE9D /* GiftCardViewModel+PayGiftCard.swift */; };
		0CFCC0A025162C85009CBE9D /* CollectionViewModel.swift in Sources */ = {isa = PBXBuildFile; fileRef = 0CFCC08925162C84009CBE9D /* CollectionViewModel.swift */; };
		0CFCC0A125162C85009CBE9D /* CustomerViewModel.swift in Sources */ = {isa = PBXBuildFile; fileRef = 0CFCC08A25162C84009CBE9D /* CustomerViewModel.swift */; };
		0CFCC0A225162C85009CBE9D /* LineItemViewModel.swift in Sources */ = {isa = PBXBuildFile; fileRef = 0CFCC08B25162C84009CBE9D /* LineItemViewModel.swift */; };
		0CFCC0A325162C85009CBE9D /* OrderViewModel.swift in Sources */ = {isa = PBXBuildFile; fileRef = 0CFCC08C25162C84009CBE9D /* OrderViewModel.swift */; };
		0CFCC0A425162C85009CBE9D /* PaginatedArray.swift in Sources */ = {isa = PBXBuildFile; fileRef = 0CFCC08D25162C84009CBE9D /* PaginatedArray.swift */; };
		0CFCC0A525162C85009CBE9D /* ProductViewModel.swift in Sources */ = {isa = PBXBuildFile; fileRef = 0CFCC08E25162C84009CBE9D /* ProductViewModel.swift */; };
		0CFCC0B425162DDD009CBE9D /* Fragment+VariantConnectionQuery.swift in Sources */ = {isa = PBXBuildFile; fileRef = 0CFCC0A825162DDD009CBE9D /* Fragment+VariantConnectionQuery.swift */; };
		0CFCC0B525162DDD009CBE9D /* Fragment+ImageConnectionQuery.swift in Sources */ = {isa = PBXBuildFile; fileRef = 0CFCC0A925162DDD009CBE9D /* Fragment+ImageConnectionQuery.swift */; };
		0CFCC0B625162DDD009CBE9D /* Fragment+DiscountApplication.swift in Sources */ = {isa = PBXBuildFile; fileRef = 0CFCC0AA25162DDD009CBE9D /* Fragment+DiscountApplication.swift */; };
		0CFCC0B725162DDD009CBE9D /* Fragment+PaymentQuery.swift in Sources */ = {isa = PBXBuildFile; fileRef = 0CFCC0AB25162DDD009CBE9D /* Fragment+PaymentQuery.swift */; };
		0CFCC0B825162DDD009CBE9D /* Fragment+DiscountAllocation.swift in Sources */ = {isa = PBXBuildFile; fileRef = 0CFCC0AC25162DDD009CBE9D /* Fragment+DiscountAllocation.swift */; };
		0CFCC0B925162DDD009CBE9D /* Fragment+ProductConnectionQuery.swift in Sources */ = {isa = PBXBuildFile; fileRef = 0CFCC0AD25162DDD009CBE9D /* Fragment+ProductConnectionQuery.swift */; };
		0CFCC0BA25162DDD009CBE9D /* Fragment+OrderConnectionQuery.swift in Sources */ = {isa = PBXBuildFile; fileRef = 0CFCC0AE25162DDD009CBE9D /* Fragment+OrderConnectionQuery.swift */; };
		0CFCC0BB25162DDD009CBE9D /* Fragment+CheckoutQuery.swift in Sources */ = {isa = PBXBuildFile; fileRef = 0CFCC0AF25162DDD009CBE9D /* Fragment+CheckoutQuery.swift */; };
		0CFCC0BC25162DDD009CBE9D /* Fragment+OrderLineItemConnectionQuery.swift in Sources */ = {isa = PBXBuildFile; fileRef = 0CFCC0B025162DDD009CBE9D /* Fragment+OrderLineItemConnectionQuery.swift */; };
		0CFCC0BD25162DDD009CBE9D /* ClientQuery.swift in Sources */ = {isa = PBXBuildFile; fileRef = 0CFCC0B125162DDD009CBE9D /* ClientQuery.swift */; };
		0CFCC0BE25162DDD009CBE9D /* GraphQL+Serializable.swift in Sources */ = {isa = PBXBuildFile; fileRef = 0CFCC0B225162DDD009CBE9D /* GraphQL+Serializable.swift */; };
		0CFCC0BF25162DDD009CBE9D /* Client.swift in Sources */ = {isa = PBXBuildFile; fileRef = 0CFCC0B325162DDD009CBE9D /* Client.swift */; };
		ED6C22AC24FE3D9700F4F740 /* PushManager.swift in Sources */ = {isa = PBXBuildFile; fileRef = ED6C22AB24FE3D9700F4F740 /* PushManager.swift */; };
		EDFADEBF24FA2E2A0076A1FE /* SceneDelegate.swift in Sources */ = {isa = PBXBuildFile; fileRef = EDFADEBE24FA2E2A0076A1FE /* SceneDelegate.swift */; };
		EDFADEC624FA2E2C0076A1FE /* Assets.xcassets in Resources */ = {isa = PBXBuildFile; fileRef = EDFADEC524FA2E2C0076A1FE /* Assets.xcassets */; };
		EDFADEC924FA2E2C0076A1FE /* LaunchScreen.storyboard in Resources */ = {isa = PBXBuildFile; fileRef = EDFADEC724FA2E2C0076A1FE /* LaunchScreen.storyboard */; };
		EDFADED224FA2F1D0076A1FE /* pants.jpg in Resources */ = {isa = PBXBuildFile; fileRef = EDFADED024FA2F1C0076A1FE /* pants.jpg */; };
		EDFADED324FA2F1D0076A1FE /* bag.png in Resources */ = {isa = PBXBuildFile; fileRef = EDFADED124FA2F1D0076A1FE /* bag.png */; };
		EDFADED524FA2F270076A1FE /* AppDelegate.swift in Sources */ = {isa = PBXBuildFile; fileRef = EDFADED424FA2F270076A1FE /* AppDelegate.swift */; };
		EDFADED824FA2F730076A1FE /* Currency.swift in Sources */ = {isa = PBXBuildFile; fileRef = EDFADED724FA2F730076A1FE /* Currency.swift */; };
		EDFADEDF24FA2F9F0076A1FE /* ImageViewController.swift in Sources */ = {isa = PBXBuildFile; fileRef = EDFADEDA24FA2F9F0076A1FE /* ImageViewController.swift */; };
		EDFADEE024FA2F9F0076A1FE /* Color.swift in Sources */ = {isa = PBXBuildFile; fileRef = EDFADEDB24FA2F9F0076A1FE /* Color.swift */; };
		EDFADEE124FA2F9F0076A1FE /* SelectableCell.swift in Sources */ = {isa = PBXBuildFile; fileRef = EDFADEDC24FA2F9F0076A1FE /* SelectableCell.swift */; };
		EDFADEE224FA2F9F0076A1FE /* SeparatorView.swift in Sources */ = {isa = PBXBuildFile; fileRef = EDFADEDD24FA2F9F0076A1FE /* SeparatorView.swift */; };
		EDFADEE324FA2F9F0076A1FE /* ParallaxViewController.swift in Sources */ = {isa = PBXBuildFile; fileRef = EDFADEDE24FA2F9F0076A1FE /* ParallaxViewController.swift */; };
		EDFADEE824FA2FC70076A1FE /* SubtitleButton.swift in Sources */ = {isa = PBXBuildFile; fileRef = EDFADEE524FA2FC70076A1FE /* SubtitleButton.swift */; };
		EDFADEE924FA2FC70076A1FE /* CartButton.swift in Sources */ = {isa = PBXBuildFile; fileRef = EDFADEE624FA2FC70076A1FE /* CartButton.swift */; };
		EDFADEEA24FA2FC70076A1FE /* RoundedButton.swift in Sources */ = {isa = PBXBuildFile; fileRef = EDFADEE724FA2FC70076A1FE /* RoundedButton.swift */; };
		EDFADEEF24FA30510076A1FE /* StorefrontTableView.swift in Sources */ = {isa = PBXBuildFile; fileRef = EDFADEEC24FA30510076A1FE /* StorefrontTableView.swift */; };
		EDFADEF024FA30510076A1FE /* Paginating.swift in Sources */ = {isa = PBXBuildFile; fileRef = EDFADEED24FA30510076A1FE /* Paginating.swift */; };
		EDFADEF124FA30510076A1FE /* StorefrontCollectionView.swift in Sources */ = {isa = PBXBuildFile; fileRef = EDFADEEE24FA30510076A1FE /* StorefrontCollectionView.swift */; };
		EDFADEF824FA30AE0076A1FE /* Storyboard+ViewController.swift in Sources */ = {isa = PBXBuildFile; fileRef = EDFADEF324FA30AE0076A1FE /* Storyboard+ViewController.swift */; };
		EDFADEF924FA30AE0076A1FE /* UICollectionView+Touch.swift in Sources */ = {isa = PBXBuildFile; fileRef = EDFADEF424FA30AE0076A1FE /* UICollectionView+Touch.swift */; };
		EDFADEFA24FA30AE0076A1FE /* UIImageView+Remote.swift in Sources */ = {isa = PBXBuildFile; fileRef = EDFADEF524FA30AE0076A1FE /* UIImageView+Remote.swift */; };
		EDFADEFB24FA30AE0076A1FE /* String+HTML.swift in Sources */ = {isa = PBXBuildFile; fileRef = EDFADEF624FA30AE0076A1FE /* String+HTML.swift */; };
		EDFADEFC24FA30AE0076A1FE /* NSObject+Name.swift in Sources */ = {isa = PBXBuildFile; fileRef = EDFADEF724FA30AE0076A1FE /* NSObject+Name.swift */; };
		EDFADF0224FA30D70076A1FE /* ViewModel.swift in Sources */ = {isa = PBXBuildFile; fileRef = EDFADEFE24FA30D70076A1FE /* ViewModel.swift */; };
		EDFADF0324FA30D70076A1FE /* Serializable.swift in Sources */ = {isa = PBXBuildFile; fileRef = EDFADEFF24FA30D70076A1FE /* Serializable.swift */; };
		EDFADF0424FA30D70076A1FE /* ViewModelConfigurable.swift in Sources */ = {isa = PBXBuildFile; fileRef = EDFADF0024FA30D70076A1FE /* ViewModelConfigurable.swift */; };
		EDFADF0524FA30D70076A1FE /* ViewModeling.swift in Sources */ = {isa = PBXBuildFile; fileRef = EDFADF0124FA30D70076A1FE /* ViewModeling.swift */; };
		EDFADF0A24FA30F90076A1FE /* CartItem.swift in Sources */ = {isa = PBXBuildFile; fileRef = EDFADF0724FA30F80076A1FE /* CartItem.swift */; };
		EDFADF0B24FA30F90076A1FE /* CartItemViewModel.swift in Sources */ = {isa = PBXBuildFile; fileRef = EDFADF0824FA30F80076A1FE /* CartItemViewModel.swift */; };
		EDFADF0C24FA30F90076A1FE /* CartController.swift in Sources */ = {isa = PBXBuildFile; fileRef = EDFADF0924FA30F80076A1FE /* CartController.swift */; };
		EDFADF6424FA322F0076A1FE /* CollectionCell.xib in Resources */ = {isa = PBXBuildFile; fileRef = EDFADF5724FA322E0076A1FE /* CollectionCell.xib */; };
		EDFADF6524FA322F0076A1FE /* CollectionCell.swift in Sources */ = {isa = PBXBuildFile; fileRef = EDFADF5824FA322E0076A1FE /* CollectionCell.swift */; };
		EDFADF6624FA322F0076A1FE /* ProductCell.xib in Resources */ = {isa = PBXBuildFile; fileRef = EDFADF5924FA322E0076A1FE /* ProductCell.xib */; };
		EDFADF6724FA322F0076A1FE /* AccountController.swift in Sources */ = {isa = PBXBuildFile; fileRef = EDFADF5A24FA322E0076A1FE /* AccountController.swift */; };
		EDFADF6824FA322F0076A1FE /* ViewController.swift in Sources */ = {isa = PBXBuildFile; fileRef = EDFADF5B24FA322E0076A1FE /* ViewController.swift */; };
		EDFADF6924FA322F0076A1FE /* OrderCell.xib in Resources */ = {isa = PBXBuildFile; fileRef = EDFADF5C24FA322E0076A1FE /* OrderCell.xib */; };
		EDFADF6A24FA322F0076A1FE /* ProductCell.swift in Sources */ = {isa = PBXBuildFile; fileRef = EDFADF5D24FA322E0076A1FE /* ProductCell.swift */; };
		EDFADF6B24FA322F0076A1FE /* OrderCell.swift in Sources */ = {isa = PBXBuildFile; fileRef = EDFADF5E24FA322E0076A1FE /* OrderCell.swift */; };
		EDFADF6C24FA322F0076A1FE /* CollectionsViewController.swift in Sources */ = {isa = PBXBuildFile; fileRef = EDFADF5F24FA322E0076A1FE /* CollectionsViewController.swift */; };
		EDFADF6D24FA322F0076A1FE /* LoginViewController.swift in Sources */ = {isa = PBXBuildFile; fileRef = EDFADF6024FA322E0076A1FE /* LoginViewController.swift */; };
		EDFADF6E24FA322F0076A1FE /* CustomerCoordinator.swift in Sources */ = {isa = PBXBuildFile; fileRef = EDFADF6124FA322E0076A1FE /* CustomerCoordinator.swift */; };
		EDFADF6F24FA322F0076A1FE /* CustomerViewController.swift in Sources */ = {isa = PBXBuildFile; fileRef = EDFADF6224FA322F0076A1FE /* CustomerViewController.swift */; };
		EDFADF7024FA322F0076A1FE /* ProfileViewController.swift in Sources */ = {isa = PBXBuildFile; fileRef = EDFADF6324FA322F0076A1FE /* ProfileViewController.swift */; };
		EDFADF7D24FA32540076A1FE /* CartViewController.swift in Sources */ = {isa = PBXBuildFile; fileRef = EDFADF7124FA32530076A1FE /* CartViewController.swift */; };
		EDFADF7E24FA32540076A1FE /* ProductHeaderCell.swift in Sources */ = {isa = PBXBuildFile; fileRef = EDFADF7224FA32530076A1FE /* ProductHeaderCell.swift */; };
		EDFADF7F24FA32540076A1FE /* WebViewController.swift in Sources */ = {isa = PBXBuildFile; fileRef = EDFADF7324FA32530076A1FE /* WebViewController.swift */; };
		EDFADF8024FA32540076A1FE /* CartCell.xib in Resources */ = {isa = PBXBuildFile; fileRef = EDFADF7424FA32530076A1FE /* CartCell.xib */; };
		EDFADF8124FA32540076A1FE /* ProductDetailsViewController.swift in Sources */ = {isa = PBXBuildFile; fileRef = EDFADF7524FA32530076A1FE /* ProductDetailsViewController.swift */; };
		EDFADF8224FA32540076A1FE /* CartCell.swift in Sources */ = {isa = PBXBuildFile; fileRef = EDFADF7624FA32530076A1FE /* CartCell.swift */; };
		EDFADF8324FA32540076A1FE /* ProductsViewController.swift in Sources */ = {isa = PBXBuildFile; fileRef = EDFADF7724FA32530076A1FE /* ProductsViewController.swift */; };
		EDFADF8424FA32540076A1FE /* ProductHeaderCell.xib in Resources */ = {isa = PBXBuildFile; fileRef = EDFADF7824FA32530076A1FE /* ProductHeaderCell.xib */; };
		EDFADF8524FA32540076A1FE /* TotalsViewController.swift in Sources */ = {isa = PBXBuildFile; fileRef = EDFADF7924FA32530076A1FE /* TotalsViewController.swift */; };
		EDFADF8624FA32540076A1FE /* ProductDetailsCell.swift in Sources */ = {isa = PBXBuildFile; fileRef = EDFADF7A24FA32530076A1FE /* ProductDetailsCell.swift */; };
		EDFADF8724FA32540076A1FE /* ProductDetailsCell.xib in Resources */ = {isa = PBXBuildFile; fileRef = EDFADF7B24FA32530076A1FE /* ProductDetailsCell.xib */; };
		EDFADF8824FA32540076A1FE /* CartNavigationController.swift in Sources */ = {isa = PBXBuildFile; fileRef = EDFADF7C24FA32530076A1FE /* CartNavigationController.swift */; };
		EDFADF8A24FA32B40076A1FE /* Main.storyboard in Resources */ = {isa = PBXBuildFile; fileRef = EDFADF8924FA32B40076A1FE /* Main.storyboard */; };
/* End PBXBuildFile section */

/* Begin PBXCopyFilesBuildPhase section */
		0CD40F632508CE84005A6F12 /* Embed Frameworks */ = {
			isa = PBXCopyFilesBuildPhase;
			buildActionMask = 2147483647;
			dstPath = "";
			dstSubfolderSpec = 10;
			files = (
				0C4D74EC251376E4001F4300 /* Intempt.framework in Embed Frameworks */,
				0CE66FB725C94A2E00E3AA64 /* Buy.framework in Embed Frameworks */,
				0CE66FB925C94A2E00E3AA64 /* Pay.framework in Embed Frameworks */,
			);
			name = "Embed Frameworks";
			runOnlyForDeploymentPostprocessing = 0;
		};
/* End PBXCopyFilesBuildPhase section */

/* Begin PBXFileReference section */
		0C3542B324FFC1270023C271 /* Constants.swift */ = {isa = PBXFileReference; fileEncoding = 4; lastKnownFileType = sourcecode.swift; path = Constants.swift; sourceTree = "<group>"; };
		0C4D74E825137590001F4300 /* Retail Sample.entitlements */ = {isa = PBXFileReference; lastKnownFileType = text.plist.entitlements; path = "Retail Sample.entitlements"; sourceTree = "<group>"; };
		0C4D74E9251376DF001F4300 /* Intempt.framework */ = {isa = PBXFileReference; lastKnownFileType = wrapper.framework; path = Intempt.framework; sourceTree = "<group>"; };
		0C9E551E261744850041022A /* AppTrackingTransparency.framework */ = {isa = PBXFileReference; lastKnownFileType = wrapper.framework; name = AppTrackingTransparency.framework; path = System/Library/Frameworks/AppTrackingTransparency.framework; sourceTree = SDKROOT; };
		0CE66FB425C94A2E00E3AA64 /* Buy.framework */ = {isa = PBXFileReference; lastKnownFileType = wrapper.framework; name = Buy.framework; path = Carthage/Build/iOS/Buy.framework; sourceTree = "<group>"; };
		0CE66FB525C94A2E00E3AA64 /* Pay.framework */ = {isa = PBXFileReference; lastKnownFileType = wrapper.framework; name = Pay.framework; path = Carthage/Build/iOS/Pay.framework; sourceTree = "<group>"; };
		0CFCC07825162C84009CBE9D /* ShippingRateViewModel+PayShippingRate.swift */ = {isa = PBXFileReference; fileEncoding = 4; lastKnownFileType = sourcecode.swift; path = "ShippingRateViewModel+PayShippingRate.swift"; sourceTree = "<group>"; };
		0CFCC07925162C84009CBE9D /* PaymentViewModel.swift */ = {isa = PBXFileReference; fileEncoding = 4; lastKnownFileType = sourcecode.swift; path = PaymentViewModel.swift; sourceTree = "<group>"; };
		0CFCC07A25162C84009CBE9D /* ShippingRateViewModel.swift */ = {isa = PBXFileReference; fileEncoding = 4; lastKnownFileType = sourcecode.swift; path = ShippingRateViewModel.swift; sourceTree = "<group>"; };
		0CFCC07B25162C84009CBE9D /* CheckoutViewModel+PayCheckout.swift */ = {isa = PBXFileReference; fileEncoding = 4; lastKnownFileType = sourcecode.swift; path = "CheckoutViewModel+PayCheckout.swift"; sourceTree = "<group>"; };
		0CFCC07C25162C84009CBE9D /* DiscountCodeViewModel.swift */ = {isa = PBXFileReference; fileEncoding = 4; lastKnownFileType = sourcecode.swift; path = DiscountCodeViewModel.swift; sourceTree = "<group>"; };
		0CFCC07D25162C84009CBE9D /* DiscountApplication.swift */ = {isa = PBXFileReference; fileEncoding = 4; lastKnownFileType = sourcecode.swift; path = DiscountApplication.swift; sourceTree = "<group>"; };
		0CFCC07E25162C84009CBE9D /* ScriptCodeViewModel.swift */ = {isa = PBXFileReference; fileEncoding = 4; lastKnownFileType = sourcecode.swift; path = ScriptCodeViewModel.swift; sourceTree = "<group>"; };
		0CFCC07F25162C84009CBE9D /* CheckoutViewModel.swift */ = {isa = PBXFileReference; fileEncoding = 4; lastKnownFileType = sourcecode.swift; path = CheckoutViewModel.swift; sourceTree = "<group>"; };
		0CFCC08025162C84009CBE9D /* CreditCardViewModel.swift */ = {isa = PBXFileReference; fileEncoding = 4; lastKnownFileType = sourcecode.swift; path = CreditCardViewModel.swift; sourceTree = "<group>"; };
		0CFCC08125162C84009CBE9D /* GiftCardViewModel.swift */ = {isa = PBXFileReference; fileEncoding = 4; lastKnownFileType = sourcecode.swift; path = GiftCardViewModel.swift; sourceTree = "<group>"; };
		0CFCC08225162C84009CBE9D /* ImageViewModel.swift */ = {isa = PBXFileReference; fileEncoding = 4; lastKnownFileType = sourcecode.swift; path = ImageViewModel.swift; sourceTree = "<group>"; };
		0CFCC08325162C84009CBE9D /* ManualCodeViewModel.swift */ = {isa = PBXFileReference; fileEncoding = 4; lastKnownFileType = sourcecode.swift; path = ManualCodeViewModel.swift; sourceTree = "<group>"; };
		0CFCC08425162C84009CBE9D /* VariantViewModel.swift */ = {isa = PBXFileReference; fileEncoding = 4; lastKnownFileType = sourcecode.swift; path = VariantViewModel.swift; sourceTree = "<group>"; };
		0CFCC08525162C84009CBE9D /* DiscountAllocationViewModel.swift */ = {isa = PBXFileReference; fileEncoding = 4; lastKnownFileType = sourcecode.swift; path = DiscountAllocationViewModel.swift; sourceTree = "<group>"; };
		0CFCC08625162C84009CBE9D /* AddressViewModel.swift */ = {isa = PBXFileReference; fileEncoding = 4; lastKnownFileType = sourcecode.swift; path = AddressViewModel.swift; sourceTree = "<group>"; };
		0CFCC08725162C84009CBE9D /* AddressViewModel+PayAddress.swift */ = {isa = PBXFileReference; fileEncoding = 4; lastKnownFileType = sourcecode.swift; path = "AddressViewModel+PayAddress.swift"; sourceTree = "<group>"; };
		0CFCC08825162C84009CBE9D /* GiftCardViewModel+PayGiftCard.swift */ = {isa = PBXFileReference; fileEncoding = 4; lastKnownFileType = sourcecode.swift; path = "GiftCardViewModel+PayGiftCard.swift"; sourceTree = "<group>"; };
		0CFCC08925162C84009CBE9D /* CollectionViewModel.swift */ = {isa = PBXFileReference; fileEncoding = 4; lastKnownFileType = sourcecode.swift; path = CollectionViewModel.swift; sourceTree = "<group>"; };
		0CFCC08A25162C84009CBE9D /* CustomerViewModel.swift */ = {isa = PBXFileReference; fileEncoding = 4; lastKnownFileType = sourcecode.swift; path = CustomerViewModel.swift; sourceTree = "<group>"; };
		0CFCC08B25162C84009CBE9D /* LineItemViewModel.swift */ = {isa = PBXFileReference; fileEncoding = 4; lastKnownFileType = sourcecode.swift; path = LineItemViewModel.swift; sourceTree = "<group>"; };
		0CFCC08C25162C84009CBE9D /* OrderViewModel.swift */ = {isa = PBXFileReference; fileEncoding = 4; lastKnownFileType = sourcecode.swift; path = OrderViewModel.swift; sourceTree = "<group>"; };
		0CFCC08D25162C84009CBE9D /* PaginatedArray.swift */ = {isa = PBXFileReference; fileEncoding = 4; lastKnownFileType = sourcecode.swift; path = PaginatedArray.swift; sourceTree = "<group>"; };
		0CFCC08E25162C84009CBE9D /* ProductViewModel.swift */ = {isa = PBXFileReference; fileEncoding = 4; lastKnownFileType = sourcecode.swift; path = ProductViewModel.swift; sourceTree = "<group>"; };
		0CFCC0A825162DDD009CBE9D /* Fragment+VariantConnectionQuery.swift */ = {isa = PBXFileReference; fileEncoding = 4; lastKnownFileType = sourcecode.swift; path = "Fragment+VariantConnectionQuery.swift"; sourceTree = "<group>"; };
		0CFCC0A925162DDD009CBE9D /* Fragment+ImageConnectionQuery.swift */ = {isa = PBXFileReference; fileEncoding = 4; lastKnownFileType = sourcecode.swift; path = "Fragment+ImageConnectionQuery.swift"; sourceTree = "<group>"; };
		0CFCC0AA25162DDD009CBE9D /* Fragment+DiscountApplication.swift */ = {isa = PBXFileReference; fileEncoding = 4; lastKnownFileType = sourcecode.swift; path = "Fragment+DiscountApplication.swift"; sourceTree = "<group>"; };
		0CFCC0AB25162DDD009CBE9D /* Fragment+PaymentQuery.swift */ = {isa = PBXFileReference; fileEncoding = 4; lastKnownFileType = sourcecode.swift; path = "Fragment+PaymentQuery.swift"; sourceTree = "<group>"; };
		0CFCC0AC25162DDD009CBE9D /* Fragment+DiscountAllocation.swift */ = {isa = PBXFileReference; fileEncoding = 4; lastKnownFileType = sourcecode.swift; path = "Fragment+DiscountAllocation.swift"; sourceTree = "<group>"; };
		0CFCC0AD25162DDD009CBE9D /* Fragment+ProductConnectionQuery.swift */ = {isa = PBXFileReference; fileEncoding = 4; lastKnownFileType = sourcecode.swift; path = "Fragment+ProductConnectionQuery.swift"; sourceTree = "<group>"; };
		0CFCC0AE25162DDD009CBE9D /* Fragment+OrderConnectionQuery.swift */ = {isa = PBXFileReference; fileEncoding = 4; lastKnownFileType = sourcecode.swift; path = "Fragment+OrderConnectionQuery.swift"; sourceTree = "<group>"; };
		0CFCC0AF25162DDD009CBE9D /* Fragment+CheckoutQuery.swift */ = {isa = PBXFileReference; fileEncoding = 4; lastKnownFileType = sourcecode.swift; path = "Fragment+CheckoutQuery.swift"; sourceTree = "<group>"; };
		0CFCC0B025162DDD009CBE9D /* Fragment+OrderLineItemConnectionQuery.swift */ = {isa = PBXFileReference; fileEncoding = 4; lastKnownFileType = sourcecode.swift; path = "Fragment+OrderLineItemConnectionQuery.swift"; sourceTree = "<group>"; };
		0CFCC0B125162DDD009CBE9D /* ClientQuery.swift */ = {isa = PBXFileReference; fileEncoding = 4; lastKnownFileType = sourcecode.swift; path = ClientQuery.swift; sourceTree = "<group>"; };
		0CFCC0B225162DDD009CBE9D /* GraphQL+Serializable.swift */ = {isa = PBXFileReference; fileEncoding = 4; lastKnownFileType = sourcecode.swift; path = "GraphQL+Serializable.swift"; sourceTree = "<group>"; };
		0CFCC0B325162DDD009CBE9D /* Client.swift */ = {isa = PBXFileReference; fileEncoding = 4; lastKnownFileType = sourcecode.swift; path = Client.swift; sourceTree = "<group>"; };
		ED6C22AB24FE3D9700F4F740 /* PushManager.swift */ = {isa = PBXFileReference; fileEncoding = 4; lastKnownFileType = sourcecode.swift; path = PushManager.swift; sourceTree = "<group>"; };
		EDFADEB924FA2E2A0076A1FE /* Retail Sample.app */ = {isa = PBXFileReference; explicitFileType = wrapper.application; includeInIndex = 0; path = "Retail Sample.app"; sourceTree = BUILT_PRODUCTS_DIR; };
		EDFADEBE24FA2E2A0076A1FE /* SceneDelegate.swift */ = {isa = PBXFileReference; lastKnownFileType = sourcecode.swift; path = SceneDelegate.swift; sourceTree = "<group>"; };
		EDFADEC524FA2E2C0076A1FE /* Assets.xcassets */ = {isa = PBXFileReference; lastKnownFileType = folder.assetcatalog; path = Assets.xcassets; sourceTree = "<group>"; };
		EDFADEC824FA2E2C0076A1FE /* Base */ = {isa = PBXFileReference; lastKnownFileType = file.storyboard; name = Base; path = Base.lproj/LaunchScreen.storyboard; sourceTree = "<group>"; };
		EDFADECA24FA2E2C0076A1FE /* Info.plist */ = {isa = PBXFileReference; lastKnownFileType = text.plist.xml; path = Info.plist; sourceTree = "<group>"; };
		EDFADED024FA2F1C0076A1FE /* pants.jpg */ = {isa = PBXFileReference; lastKnownFileType = image.jpeg; path = pants.jpg; sourceTree = "<group>"; };
		EDFADED124FA2F1D0076A1FE /* bag.png */ = {isa = PBXFileReference; lastKnownFileType = image.png; path = bag.png; sourceTree = "<group>"; };
		EDFADED424FA2F270076A1FE /* AppDelegate.swift */ = {isa = PBXFileReference; fileEncoding = 4; lastKnownFileType = sourcecode.swift; path = AppDelegate.swift; sourceTree = "<group>"; };
		EDFADED724FA2F730076A1FE /* Currency.swift */ = {isa = PBXFileReference; fileEncoding = 4; lastKnownFileType = sourcecode.swift; path = Currency.swift; sourceTree = "<group>"; };
		EDFADEDA24FA2F9F0076A1FE /* ImageViewController.swift */ = {isa = PBXFileReference; fileEncoding = 4; lastKnownFileType = sourcecode.swift; path = ImageViewController.swift; sourceTree = "<group>"; };
		EDFADEDB24FA2F9F0076A1FE /* Color.swift */ = {isa = PBXFileReference; fileEncoding = 4; lastKnownFileType = sourcecode.swift; path = Color.swift; sourceTree = "<group>"; };
		EDFADEDC24FA2F9F0076A1FE /* SelectableCell.swift */ = {isa = PBXFileReference; fileEncoding = 4; lastKnownFileType = sourcecode.swift; path = SelectableCell.swift; sourceTree = "<group>"; };
		EDFADEDD24FA2F9F0076A1FE /* SeparatorView.swift */ = {isa = PBXFileReference; fileEncoding = 4; lastKnownFileType = sourcecode.swift; path = SeparatorView.swift; sourceTree = "<group>"; };
		EDFADEDE24FA2F9F0076A1FE /* ParallaxViewController.swift */ = {isa = PBXFileReference; fileEncoding = 4; lastKnownFileType = sourcecode.swift; path = ParallaxViewController.swift; sourceTree = "<group>"; };
		EDFADEE524FA2FC70076A1FE /* SubtitleButton.swift */ = {isa = PBXFileReference; fileEncoding = 4; lastKnownFileType = sourcecode.swift; path = SubtitleButton.swift; sourceTree = "<group>"; };
		EDFADEE624FA2FC70076A1FE /* CartButton.swift */ = {isa = PBXFileReference; fileEncoding = 4; lastKnownFileType = sourcecode.swift; path = CartButton.swift; sourceTree = "<group>"; };
		EDFADEE724FA2FC70076A1FE /* RoundedButton.swift */ = {isa = PBXFileReference; fileEncoding = 4; lastKnownFileType = sourcecode.swift; path = RoundedButton.swift; sourceTree = "<group>"; };
		EDFADEEC24FA30510076A1FE /* StorefrontTableView.swift */ = {isa = PBXFileReference; fileEncoding = 4; lastKnownFileType = sourcecode.swift; path = StorefrontTableView.swift; sourceTree = "<group>"; };
		EDFADEED24FA30510076A1FE /* Paginating.swift */ = {isa = PBXFileReference; fileEncoding = 4; lastKnownFileType = sourcecode.swift; path = Paginating.swift; sourceTree = "<group>"; };
		EDFADEEE24FA30510076A1FE /* StorefrontCollectionView.swift */ = {isa = PBXFileReference; fileEncoding = 4; lastKnownFileType = sourcecode.swift; path = StorefrontCollectionView.swift; sourceTree = "<group>"; };
		EDFADEF324FA30AE0076A1FE /* Storyboard+ViewController.swift */ = {isa = PBXFileReference; fileEncoding = 4; lastKnownFileType = sourcecode.swift; path = "Storyboard+ViewController.swift"; sourceTree = "<group>"; };
		EDFADEF424FA30AE0076A1FE /* UICollectionView+Touch.swift */ = {isa = PBXFileReference; fileEncoding = 4; lastKnownFileType = sourcecode.swift; path = "UICollectionView+Touch.swift"; sourceTree = "<group>"; };
		EDFADEF524FA30AE0076A1FE /* UIImageView+Remote.swift */ = {isa = PBXFileReference; fileEncoding = 4; lastKnownFileType = sourcecode.swift; path = "UIImageView+Remote.swift"; sourceTree = "<group>"; };
		EDFADEF624FA30AE0076A1FE /* String+HTML.swift */ = {isa = PBXFileReference; fileEncoding = 4; lastKnownFileType = sourcecode.swift; path = "String+HTML.swift"; sourceTree = "<group>"; };
		EDFADEF724FA30AE0076A1FE /* NSObject+Name.swift */ = {isa = PBXFileReference; fileEncoding = 4; lastKnownFileType = sourcecode.swift; path = "NSObject+Name.swift"; sourceTree = "<group>"; };
		EDFADEFE24FA30D70076A1FE /* ViewModel.swift */ = {isa = PBXFileReference; fileEncoding = 4; lastKnownFileType = sourcecode.swift; path = ViewModel.swift; sourceTree = "<group>"; };
		EDFADEFF24FA30D70076A1FE /* Serializable.swift */ = {isa = PBXFileReference; fileEncoding = 4; lastKnownFileType = sourcecode.swift; path = Serializable.swift; sourceTree = "<group>"; };
		EDFADF0024FA30D70076A1FE /* ViewModelConfigurable.swift */ = {isa = PBXFileReference; fileEncoding = 4; lastKnownFileType = sourcecode.swift; path = ViewModelConfigurable.swift; sourceTree = "<group>"; };
		EDFADF0124FA30D70076A1FE /* ViewModeling.swift */ = {isa = PBXFileReference; fileEncoding = 4; lastKnownFileType = sourcecode.swift; path = ViewModeling.swift; sourceTree = "<group>"; };
		EDFADF0724FA30F80076A1FE /* CartItem.swift */ = {isa = PBXFileReference; fileEncoding = 4; lastKnownFileType = sourcecode.swift; path = CartItem.swift; sourceTree = "<group>"; };
		EDFADF0824FA30F80076A1FE /* CartItemViewModel.swift */ = {isa = PBXFileReference; fileEncoding = 4; lastKnownFileType = sourcecode.swift; path = CartItemViewModel.swift; sourceTree = "<group>"; };
		EDFADF0924FA30F80076A1FE /* CartController.swift */ = {isa = PBXFileReference; fileEncoding = 4; lastKnownFileType = sourcecode.swift; path = CartController.swift; sourceTree = "<group>"; };
		EDFADF5724FA322E0076A1FE /* CollectionCell.xib */ = {isa = PBXFileReference; fileEncoding = 4; lastKnownFileType = file.xib; path = CollectionCell.xib; sourceTree = "<group>"; };
		EDFADF5824FA322E0076A1FE /* CollectionCell.swift */ = {isa = PBXFileReference; fileEncoding = 4; lastKnownFileType = sourcecode.swift; path = CollectionCell.swift; sourceTree = "<group>"; };
		EDFADF5924FA322E0076A1FE /* ProductCell.xib */ = {isa = PBXFileReference; fileEncoding = 4; lastKnownFileType = file.xib; path = ProductCell.xib; sourceTree = "<group>"; };
		EDFADF5A24FA322E0076A1FE /* AccountController.swift */ = {isa = PBXFileReference; fileEncoding = 4; lastKnownFileType = sourcecode.swift; path = AccountController.swift; sourceTree = "<group>"; };
		EDFADF5B24FA322E0076A1FE /* ViewController.swift */ = {isa = PBXFileReference; fileEncoding = 4; lastKnownFileType = sourcecode.swift; path = ViewController.swift; sourceTree = "<group>"; };
		EDFADF5C24FA322E0076A1FE /* OrderCell.xib */ = {isa = PBXFileReference; fileEncoding = 4; lastKnownFileType = file.xib; path = OrderCell.xib; sourceTree = "<group>"; };
		EDFADF5D24FA322E0076A1FE /* ProductCell.swift */ = {isa = PBXFileReference; fileEncoding = 4; lastKnownFileType = sourcecode.swift; path = ProductCell.swift; sourceTree = "<group>"; };
		EDFADF5E24FA322E0076A1FE /* OrderCell.swift */ = {isa = PBXFileReference; fileEncoding = 4; lastKnownFileType = sourcecode.swift; path = OrderCell.swift; sourceTree = "<group>"; };
		EDFADF5F24FA322E0076A1FE /* CollectionsViewController.swift */ = {isa = PBXFileReference; fileEncoding = 4; lastKnownFileType = sourcecode.swift; path = CollectionsViewController.swift; sourceTree = "<group>"; };
		EDFADF6024FA322E0076A1FE /* LoginViewController.swift */ = {isa = PBXFileReference; fileEncoding = 4; lastKnownFileType = sourcecode.swift; path = LoginViewController.swift; sourceTree = "<group>"; };
		EDFADF6124FA322E0076A1FE /* CustomerCoordinator.swift */ = {isa = PBXFileReference; fileEncoding = 4; lastKnownFileType = sourcecode.swift; path = CustomerCoordinator.swift; sourceTree = "<group>"; };
		EDFADF6224FA322F0076A1FE /* CustomerViewController.swift */ = {isa = PBXFileReference; fileEncoding = 4; lastKnownFileType = sourcecode.swift; path = CustomerViewController.swift; sourceTree = "<group>"; };
		EDFADF6324FA322F0076A1FE /* ProfileViewController.swift */ = {isa = PBXFileReference; fileEncoding = 4; lastKnownFileType = sourcecode.swift; path = ProfileViewController.swift; sourceTree = "<group>"; };
		EDFADF7124FA32530076A1FE /* CartViewController.swift */ = {isa = PBXFileReference; fileEncoding = 4; lastKnownFileType = sourcecode.swift; path = CartViewController.swift; sourceTree = "<group>"; };
		EDFADF7224FA32530076A1FE /* ProductHeaderCell.swift */ = {isa = PBXFileReference; fileEncoding = 4; lastKnownFileType = sourcecode.swift; path = ProductHeaderCell.swift; sourceTree = "<group>"; };
		EDFADF7324FA32530076A1FE /* WebViewController.swift */ = {isa = PBXFileReference; fileEncoding = 4; lastKnownFileType = sourcecode.swift; path = WebViewController.swift; sourceTree = "<group>"; };
		EDFADF7424FA32530076A1FE /* CartCell.xib */ = {isa = PBXFileReference; fileEncoding = 4; lastKnownFileType = file.xib; path = CartCell.xib; sourceTree = "<group>"; };
		EDFADF7524FA32530076A1FE /* ProductDetailsViewController.swift */ = {isa = PBXFileReference; fileEncoding = 4; lastKnownFileType = sourcecode.swift; path = ProductDetailsViewController.swift; sourceTree = "<group>"; };
		EDFADF7624FA32530076A1FE /* CartCell.swift */ = {isa = PBXFileReference; fileEncoding = 4; lastKnownFileType = sourcecode.swift; path = CartCell.swift; sourceTree = "<group>"; };
		EDFADF7724FA32530076A1FE /* ProductsViewController.swift */ = {isa = PBXFileReference; fileEncoding = 4; lastKnownFileType = sourcecode.swift; path = ProductsViewController.swift; sourceTree = "<group>"; };
		EDFADF7824FA32530076A1FE /* ProductHeaderCell.xib */ = {isa = PBXFileReference; fileEncoding = 4; lastKnownFileType = file.xib; path = ProductHeaderCell.xib; sourceTree = "<group>"; };
		EDFADF7924FA32530076A1FE /* TotalsViewController.swift */ = {isa = PBXFileReference; fileEncoding = 4; lastKnownFileType = sourcecode.swift; path = TotalsViewController.swift; sourceTree = "<group>"; };
		EDFADF7A24FA32530076A1FE /* ProductDetailsCell.swift */ = {isa = PBXFileReference; fileEncoding = 4; lastKnownFileType = sourcecode.swift; path = ProductDetailsCell.swift; sourceTree = "<group>"; };
		EDFADF7B24FA32530076A1FE /* ProductDetailsCell.xib */ = {isa = PBXFileReference; fileEncoding = 4; lastKnownFileType = file.xib; path = ProductDetailsCell.xib; sourceTree = "<group>"; };
		EDFADF7C24FA32530076A1FE /* CartNavigationController.swift */ = {isa = PBXFileReference; fileEncoding = 4; lastKnownFileType = sourcecode.swift; path = CartNavigationController.swift; sourceTree = "<group>"; };
		EDFADF8924FA32B40076A1FE /* Main.storyboard */ = {isa = PBXFileReference; fileEncoding = 4; lastKnownFileType = file.storyboard; path = Main.storyboard; sourceTree = "<group>"; };
/* End PBXFileReference section */

/* Begin PBXFrameworksBuildPhase section */
		EDFADEB624FA2E2A0076A1FE /* Frameworks */ = {
			isa = PBXFrameworksBuildPhase;
			buildActionMask = 2147483647;
			files = (
				0C4D74EB251376E4001F4300 /* Intempt.framework in Frameworks */,
				0C9E551F261744850041022A /* AppTrackingTransparency.framework in Frameworks */,
				0CE66FB625C94A2E00E3AA64 /* Buy.framework in Frameworks */,
				0CE66FB825C94A2E00E3AA64 /* Pay.framework in Frameworks */,
			);
			runOnlyForDeploymentPostprocessing = 0;
		};
/* End PBXFrameworksBuildPhase section */

/* Begin PBXGroup section */
		0C3542A624FFA9FD0023C271 /* Resources */ = {
			isa = PBXGroup;
			children = (
				EDFADED124FA2F1D0076A1FE /* bag.png */,
				EDFADED024FA2F1C0076A1FE /* pants.jpg */,
			);
			path = Resources;
			sourceTree = "<group>";
		};
		0C3542A724FFAA2F0023C271 /* TableCells */ = {
			isa = PBXGroup;
			children = (
				EDFADF7624FA32530076A1FE /* CartCell.swift */,
				EDFADF7424FA32530076A1FE /* CartCell.xib */,
				EDFADF7A24FA32530076A1FE /* ProductDetailsCell.swift */,
				EDFADF7B24FA32530076A1FE /* ProductDetailsCell.xib */,
				EDFADF7224FA32530076A1FE /* ProductHeaderCell.swift */,
				EDFADF7824FA32530076A1FE /* ProductHeaderCell.xib */,
				EDFADF5E24FA322E0076A1FE /* OrderCell.swift */,
				EDFADF5C24FA322E0076A1FE /* OrderCell.xib */,
			);
			path = TableCells;
			sourceTree = "<group>";
		};
		0C3542A824FFAA4C0023C271 /* CollectionCells */ = {
			isa = PBXGroup;
			children = (
				EDFADF5824FA322E0076A1FE /* CollectionCell.swift */,
				EDFADF5724FA322E0076A1FE /* CollectionCell.xib */,
				EDFADF5D24FA322E0076A1FE /* ProductCell.swift */,
				EDFADF5924FA322E0076A1FE /* ProductCell.xib */,
			);
			path = CollectionCells;
			sourceTree = "<group>";
		};
		0C3542A924FFB0330023C271 /* PushNotifications */ = {
			isa = PBXGroup;
			children = (
				ED6C22AB24FE3D9700F4F740 /* PushManager.swift */,
			);
			path = PushNotifications;
			sourceTree = "<group>";
		};
		0C3542B224FFC10C0023C271 /* Helper */ = {
			isa = PBXGroup;
			children = (
				0C3542B324FFC1270023C271 /* Constants.swift */,
			);
			path = Helper;
			sourceTree = "<group>";
		};
		0CFCC07725162C84009CBE9D /* Modals */ = {
			isa = PBXGroup;
			children = (
				0CFCC07825162C84009CBE9D /* ShippingRateViewModel+PayShippingRate.swift */,
				0CFCC07925162C84009CBE9D /* PaymentViewModel.swift */,
				0CFCC07A25162C84009CBE9D /* ShippingRateViewModel.swift */,
				0CFCC07B25162C84009CBE9D /* CheckoutViewModel+PayCheckout.swift */,
				0CFCC07C25162C84009CBE9D /* DiscountCodeViewModel.swift */,
				0CFCC07D25162C84009CBE9D /* DiscountApplication.swift */,
				0CFCC07E25162C84009CBE9D /* ScriptCodeViewModel.swift */,
				0CFCC07F25162C84009CBE9D /* CheckoutViewModel.swift */,
				0CFCC08025162C84009CBE9D /* CreditCardViewModel.swift */,
				0CFCC08125162C84009CBE9D /* GiftCardViewModel.swift */,
				0CFCC08225162C84009CBE9D /* ImageViewModel.swift */,
				0CFCC08325162C84009CBE9D /* ManualCodeViewModel.swift */,
				0CFCC08425162C84009CBE9D /* VariantViewModel.swift */,
				0CFCC08525162C84009CBE9D /* DiscountAllocationViewModel.swift */,
				0CFCC08625162C84009CBE9D /* AddressViewModel.swift */,
				0CFCC08725162C84009CBE9D /* AddressViewModel+PayAddress.swift */,
				0CFCC08825162C84009CBE9D /* GiftCardViewModel+PayGiftCard.swift */,
				0CFCC08925162C84009CBE9D /* CollectionViewModel.swift */,
				0CFCC08A25162C84009CBE9D /* CustomerViewModel.swift */,
				0CFCC08B25162C84009CBE9D /* LineItemViewModel.swift */,
				0CFCC08C25162C84009CBE9D /* OrderViewModel.swift */,
				0CFCC08D25162C84009CBE9D /* PaginatedArray.swift */,
				0CFCC08E25162C84009CBE9D /* ProductViewModel.swift */,
			);
			path = Modals;
			sourceTree = "<group>";
		};
		0CFCC0A625162DDD009CBE9D /* API */ = {
			isa = PBXGroup;
			children = (
				0CFCC0A725162DDD009CBE9D /* Fragments */,
				0CFCC0B125162DDD009CBE9D /* ClientQuery.swift */,
				0CFCC0B225162DDD009CBE9D /* GraphQL+Serializable.swift */,
				0CFCC0B325162DDD009CBE9D /* Client.swift */,
			);
			path = API;
			sourceTree = "<group>";
		};
		0CFCC0A725162DDD009CBE9D /* Fragments */ = {
			isa = PBXGroup;
			children = (
				0CFCC0A825162DDD009CBE9D /* Fragment+VariantConnectionQuery.swift */,
				0CFCC0A925162DDD009CBE9D /* Fragment+ImageConnectionQuery.swift */,
				0CFCC0AA25162DDD009CBE9D /* Fragment+DiscountApplication.swift */,
				0CFCC0AB25162DDD009CBE9D /* Fragment+PaymentQuery.swift */,
				0CFCC0AC25162DDD009CBE9D /* Fragment+DiscountAllocation.swift */,
				0CFCC0AD25162DDD009CBE9D /* Fragment+ProductConnectionQuery.swift */,
				0CFCC0AE25162DDD009CBE9D /* Fragment+OrderConnectionQuery.swift */,
				0CFCC0AF25162DDD009CBE9D /* Fragment+CheckoutQuery.swift */,
				0CFCC0B025162DDD009CBE9D /* Fragment+OrderLineItemConnectionQuery.swift */,
			);
			path = Fragments;
			sourceTree = "<group>";
		};
		4A5D63C718B1046768CBAD73 /* Frameworks */ = {
			isa = PBXGroup;
			children = (
				0C9E551E261744850041022A /* AppTrackingTransparency.framework */,
				0CE66FB425C94A2E00E3AA64 /* Buy.framework */,
				0CE66FB525C94A2E00E3AA64 /* Pay.framework */,
			);
			name = Frameworks;
			sourceTree = "<group>";
		};
		EDFADEB024FA2E2A0076A1FE = {
			isa = PBXGroup;
			children = (
				EDFADEBB24FA2E2A0076A1FE /* Shopify Demo */,
				EDFADEBA24FA2E2A0076A1FE /* Products */,
				4A5D63C718B1046768CBAD73 /* Frameworks */,
			);
			sourceTree = "<group>";
		};
		EDFADEBA24FA2E2A0076A1FE /* Products */ = {
			isa = PBXGroup;
			children = (
				EDFADEB924FA2E2A0076A1FE /* Retail Sample.app */,
			);
			name = Products;
			sourceTree = "<group>";
		};
		EDFADEBB24FA2E2A0076A1FE /* Shopify Demo */ = {
			isa = PBXGroup;
			children = (
				0C4D74E825137590001F4300 /* Retail Sample.entitlements */,
				EDFADED424FA2F270076A1FE /* AppDelegate.swift */,
				EDFADEBE24FA2E2A0076A1FE /* SceneDelegate.swift */,
				0C4D74E9251376DF001F4300 /* Intempt.framework */,
				EDFADF5624FA31E40076A1FE /* View Controllers */,
				EDFADF0624FA30E60076A1FE /* Cart */,
				EDFADEFD24FA30BC0076A1FE /* Protocols */,
				0CFCC0A625162DDD009CBE9D /* API */,
				0CFCC07725162C84009CBE9D /* Modals */,
				EDFADEF224FA30890076A1FE /* Extensions */,
				EDFADED924FA2F800076A1FE /* UI */,
				0C3542B224FFC10C0023C271 /* Helper */,
				EDFADED624FA2F580076A1FE /* Formatters */,
				0C3542A924FFB0330023C271 /* PushNotifications */,
				0C3542A624FFA9FD0023C271 /* Resources */,
				EDFADEC524FA2E2C0076A1FE /* Assets.xcassets */,
				EDFADF8924FA32B40076A1FE /* Main.storyboard */,
				EDFADEC724FA2E2C0076A1FE /* LaunchScreen.storyboard */,
				EDFADECA24FA2E2C0076A1FE /* Info.plist */,
			);
			path = "Shopify Demo";
			sourceTree = "<group>";
		};
		EDFADED624FA2F580076A1FE /* Formatters */ = {
			isa = PBXGroup;
			children = (
				EDFADED724FA2F730076A1FE /* Currency.swift */,
			);
			path = Formatters;
			sourceTree = "<group>";
		};
		EDFADED924FA2F800076A1FE /* UI */ = {
			isa = PBXGroup;
			children = (
				0C3542A824FFAA4C0023C271 /* CollectionCells */,
				0C3542A724FFAA2F0023C271 /* TableCells */,
				EDFADEEB24FA30300076A1FE /* Scroll Views */,
				EDFADEE424FA2FAE0076A1FE /* Buttons */,
				EDFADEDB24FA2F9F0076A1FE /* Color.swift */,
				EDFADEDA24FA2F9F0076A1FE /* ImageViewController.swift */,
				EDFADEDE24FA2F9F0076A1FE /* ParallaxViewController.swift */,
				EDFADEDC24FA2F9F0076A1FE /* SelectableCell.swift */,
				EDFADEDD24FA2F9F0076A1FE /* SeparatorView.swift */,
			);
			path = UI;
			sourceTree = "<group>";
		};
		EDFADEE424FA2FAE0076A1FE /* Buttons */ = {
			isa = PBXGroup;
			children = (
				EDFADEE624FA2FC70076A1FE /* CartButton.swift */,
				EDFADEE724FA2FC70076A1FE /* RoundedButton.swift */,
				EDFADEE524FA2FC70076A1FE /* SubtitleButton.swift */,
			);
			path = Buttons;
			sourceTree = "<group>";
		};
		EDFADEEB24FA30300076A1FE /* Scroll Views */ = {
			isa = PBXGroup;
			children = (
				EDFADEED24FA30510076A1FE /* Paginating.swift */,
				EDFADEEE24FA30510076A1FE /* StorefrontCollectionView.swift */,
				EDFADEEC24FA30510076A1FE /* StorefrontTableView.swift */,
			);
			path = "Scroll Views";
			sourceTree = "<group>";
		};
		EDFADEF224FA30890076A1FE /* Extensions */ = {
			isa = PBXGroup;
			children = (
				EDFADEF724FA30AE0076A1FE /* NSObject+Name.swift */,
				EDFADEF324FA30AE0076A1FE /* Storyboard+ViewController.swift */,
				EDFADEF624FA30AE0076A1FE /* String+HTML.swift */,
				EDFADEF424FA30AE0076A1FE /* UICollectionView+Touch.swift */,
				EDFADEF524FA30AE0076A1FE /* UIImageView+Remote.swift */,
			);
			path = Extensions;
			sourceTree = "<group>";
		};
		EDFADEFD24FA30BC0076A1FE /* Protocols */ = {
			isa = PBXGroup;
			children = (
				EDFADEFF24FA30D70076A1FE /* Serializable.swift */,
				EDFADEFE24FA30D70076A1FE /* ViewModel.swift */,
				EDFADF0024FA30D70076A1FE /* ViewModelConfigurable.swift */,
				EDFADF0124FA30D70076A1FE /* ViewModeling.swift */,
			);
			path = Protocols;
			sourceTree = "<group>";
		};
		EDFADF0624FA30E60076A1FE /* Cart */ = {
			isa = PBXGroup;
			children = (
				EDFADF0924FA30F80076A1FE /* CartController.swift */,
				EDFADF0724FA30F80076A1FE /* CartItem.swift */,
				EDFADF0824FA30F80076A1FE /* CartItemViewModel.swift */,
			);
			path = Cart;
			sourceTree = "<group>";
		};
		EDFADF5624FA31E40076A1FE /* View Controllers */ = {
			isa = PBXGroup;
			children = (
				EDFADF5B24FA322E0076A1FE /* ViewController.swift */,
				EDFADF6024FA322E0076A1FE /* LoginViewController.swift */,
				EDFADF5A24FA322E0076A1FE /* AccountController.swift */,
				EDFADF5F24FA322E0076A1FE /* CollectionsViewController.swift */,
				EDFADF7724FA32530076A1FE /* ProductsViewController.swift */,
				EDFADF7524FA32530076A1FE /* ProductDetailsViewController.swift */,
				EDFADF7C24FA32530076A1FE /* CartNavigationController.swift */,
				EDFADF7124FA32530076A1FE /* CartViewController.swift */,
				EDFADF7924FA32530076A1FE /* TotalsViewController.swift */,
				EDFADF7324FA32530076A1FE /* WebViewController.swift */,
				EDFADF6124FA322E0076A1FE /* CustomerCoordinator.swift */,
				EDFADF6224FA322F0076A1FE /* CustomerViewController.swift */,
				EDFADF6324FA322F0076A1FE /* ProfileViewController.swift */,
			);
			path = "View Controllers";
			sourceTree = "<group>";
		};
/* End PBXGroup section */

/* Begin PBXNativeTarget section */
		EDFADEB824FA2E2A0076A1FE /* Shopify Demo */ = {
			isa = PBXNativeTarget;
			buildConfigurationList = EDFADECD24FA2E2C0076A1FE /* Build configuration list for PBXNativeTarget "Shopify Demo" */;
			buildPhases = (
				EDFADEB524FA2E2A0076A1FE /* Sources */,
				EDFADEB624FA2E2A0076A1FE /* Frameworks */,
				EDFADEB724FA2E2A0076A1FE /* Resources */,
				0CD40F632508CE84005A6F12 /* Embed Frameworks */,
				0CFCC076251628D1009CBE9D /* ShellScript */,
			);
			buildRules = (
			);
			dependencies = (
			);
			name = "Shopify Demo";
			productName = "IntemptShop Demo";
			productReference = EDFADEB924FA2E2A0076A1FE /* Retail Sample.app */;
			productType = "com.apple.product-type.application";
		};
/* End PBXNativeTarget section */

/* Begin PBXProject section */
		EDFADEB124FA2E2A0076A1FE /* Project object */ = {
			isa = PBXProject;
			attributes = {
				LastSwiftUpdateCheck = 1150;
				LastUpgradeCheck = 1150;
				ORGANIZATIONNAME = Intempt;
				TargetAttributes = {
					EDFADEB824FA2E2A0076A1FE = {
						CreatedOnToolsVersion = 11.5;
					};
				};
			};
			buildConfigurationList = EDFADEB424FA2E2A0076A1FE /* Build configuration list for PBXProject "Shopify Demo" */;
			compatibilityVersion = "Xcode 9.3";
			developmentRegion = en;
			hasScannedForEncodings = 0;
			knownRegions = (
				en,
				Base,
			);
			mainGroup = EDFADEB024FA2E2A0076A1FE;
			productRefGroup = EDFADEBA24FA2E2A0076A1FE /* Products */;
			projectDirPath = "";
			projectRoot = "";
			targets = (
				EDFADEB824FA2E2A0076A1FE /* Shopify Demo */,
			);
		};
/* End PBXProject section */

/* Begin PBXResourcesBuildPhase section */
		EDFADEB724FA2E2A0076A1FE /* Resources */ = {
			isa = PBXResourcesBuildPhase;
			buildActionMask = 2147483647;
			files = (
				EDFADEC924FA2E2C0076A1FE /* LaunchScreen.storyboard in Resources */,
				EDFADEC624FA2E2C0076A1FE /* Assets.xcassets in Resources */,
				EDFADF6924FA322F0076A1FE /* OrderCell.xib in Resources */,
				EDFADF8024FA32540076A1FE /* CartCell.xib in Resources */,
				EDFADF6624FA322F0076A1FE /* ProductCell.xib in Resources */,
				EDFADF8A24FA32B40076A1FE /* Main.storyboard in Resources */,
				EDFADED324FA2F1D0076A1FE /* bag.png in Resources */,
				EDFADF8424FA32540076A1FE /* ProductHeaderCell.xib in Resources */,
				EDFADF6424FA322F0076A1FE /* CollectionCell.xib in Resources */,
				EDFADED224FA2F1D0076A1FE /* pants.jpg in Resources */,
				EDFADF8724FA32540076A1FE /* ProductDetailsCell.xib in Resources */,
			);
			runOnlyForDeploymentPostprocessing = 0;
		};
/* End PBXResourcesBuildPhase section */

/* Begin PBXShellScriptBuildPhase section */
		0CFCC076251628D1009CBE9D /* ShellScript */ = {
			isa = PBXShellScriptBuildPhase;
			buildActionMask = 2147483647;
			files = (
			);
			inputFileListPaths = (
			);
			inputPaths = (
			);
			outputFileListPaths = (
			);
			outputPaths = (
			);
			runOnlyForDeploymentPostprocessing = 0;
			shellPath = /bin/sh;
			shellScript = "# skip if we run in debug\nif [ \"$CONFIGURATION\" == \"Debug\" ]; then\necho \"Skip frameworks cleaning in debug version\"\nexit 0\nfi\n\nAPP_PATH=\"${BUILT_PRODUCTS_DIR}/${FRAMEWORKS_FOLDER_PATH}/\"\n\n# This script loops through the frameworks embedded in the application and\n# removes unused architectures.\nfind \"$APP_PATH\" -name '*.framework' -type d | while read -r FRAMEWORK\ndo\nFRAMEWORK_EXECUTABLE_NAME=$(defaults read \"$FRAMEWORK/Info.plist\" CFBundleExecutable)\nFRAMEWORK_EXECUTABLE_PATH=\"$FRAMEWORK/$FRAMEWORK_EXECUTABLE_NAME\"\necho \"Executable is $FRAMEWORK_EXECUTABLE_PATH\"\n\nEXTRACTED_ARCHS=()\n\nfor ARCH in $ARCHS\ndo\necho \"Extracting $ARCH from $FRAMEWORK_EXECUTABLE_NAME\"\nlipo -extract \"$ARCH\" \"$FRAMEWORK_EXECUTABLE_PATH\" -o \"$FRAMEWORK_EXECUTABLE_PATH-$ARCH\"\nEXTRACTED_ARCHS+=(\"$FRAMEWORK_EXECUTABLE_PATH-$ARCH\")\ndone\n\necho \"Merging extracted architectures: ${ARCHS}\"\nlipo -o \"$FRAMEWORK_EXECUTABLE_PATH-merged\" -create \"${EXTRACTED_ARCHS[@]}\"\nrm \"${EXTRACTED_ARCHS[@]}\"\n\necho \"Replacing original executable with thinned version\"\nrm \"$FRAMEWORK_EXECUTABLE_PATH\"\nmv \"$FRAMEWORK_EXECUTABLE_PATH-merged\" \"$FRAMEWORK_EXECUTABLE_PATH\"\n\ndone\n";
		};
/* End PBXShellScriptBuildPhase section */

/* Begin PBXSourcesBuildPhase section */
		EDFADEB524FA2E2A0076A1FE /* Sources */ = {
			isa = PBXSourcesBuildPhase;
			buildActionMask = 2147483647;
			files = (
				EDFADF0324FA30D70076A1FE /* Serializable.swift in Sources */,
				0CFCC0BD25162DDD009CBE9D /* ClientQuery.swift in Sources */,
				EDFADEF124FA30510076A1FE /* StorefrontCollectionView.swift in Sources */,
				0CFCC09125162C84009CBE9D /* ShippingRateViewModel.swift in Sources */,
				EDFADF8124FA32540076A1FE /* ProductDetailsViewController.swift in Sources */,
				EDFADF6C24FA322F0076A1FE /* CollectionsViewController.swift in Sources */,
				EDFADEFC24FA30AE0076A1FE /* NSObject+Name.swift in Sources */,
				0CFCC09A25162C84009CBE9D /* ManualCodeViewModel.swift in Sources */,
				0CFCC0BF25162DDD009CBE9D /* Client.swift in Sources */,
				EDFADEFA24FA30AE0076A1FE /* UIImageView+Remote.swift in Sources */,
				EDFADED824FA2F730076A1FE /* Currency.swift in Sources */,
				EDFADEF824FA30AE0076A1FE /* Storyboard+ViewController.swift in Sources */,
				EDFADEE124FA2F9F0076A1FE /* SelectableCell.swift in Sources */,
				EDFADF0B24FA30F90076A1FE /* CartItemViewModel.swift in Sources */,
				EDFADED524FA2F270076A1FE /* AppDelegate.swift in Sources */,
				EDFADF0C24FA30F90076A1FE /* CartController.swift in Sources */,
				0CFCC0A525162C85009CBE9D /* ProductViewModel.swift in Sources */,
				0CFCC09B25162C85009CBE9D /* VariantViewModel.swift in Sources */,
				0CFCC09D25162C85009CBE9D /* AddressViewModel.swift in Sources */,
				0CFCC09025162C84009CBE9D /* PaymentViewModel.swift in Sources */,
				EDFADF6A24FA322F0076A1FE /* ProductCell.swift in Sources */,
				EDFADEE324FA2F9F0076A1FE /* ParallaxViewController.swift in Sources */,
				0CFCC0A425162C85009CBE9D /* PaginatedArray.swift in Sources */,
				0CFCC09525162C84009CBE9D /* ScriptCodeViewModel.swift in Sources */,
				EDFADEF024FA30510076A1FE /* Paginating.swift in Sources */,
				EDFADF0A24FA30F90076A1FE /* CartItem.swift in Sources */,
				0CFCC09C25162C85009CBE9D /* DiscountAllocationViewModel.swift in Sources */,
				EDFADEE224FA2F9F0076A1FE /* SeparatorView.swift in Sources */,
				EDFADF6B24FA322F0076A1FE /* OrderCell.swift in Sources */,
				0CFCC0BA25162DDD009CBE9D /* Fragment+OrderConnectionQuery.swift in Sources */,
				EDFADF8324FA32540076A1FE /* ProductsViewController.swift in Sources */,
				EDFADF7E24FA32540076A1FE /* ProductHeaderCell.swift in Sources */,
				EDFADF8824FA32540076A1FE /* CartNavigationController.swift in Sources */,
				0CFCC0B425162DDD009CBE9D /* Fragment+VariantConnectionQuery.swift in Sources */,
				EDFADF7F24FA32540076A1FE /* WebViewController.swift in Sources */,
				EDFADF8224FA32540076A1FE /* CartCell.swift in Sources */,
				EDFADF0224FA30D70076A1FE /* ViewModel.swift in Sources */,
				0CFCC09F25162C85009CBE9D /* GiftCardViewModel+PayGiftCard.swift in Sources */,
				0CFCC09425162C84009CBE9D /* DiscountApplication.swift in Sources */,
				EDFADEDF24FA2F9F0076A1FE /* ImageViewController.swift in Sources */,
				EDFADF6524FA322F0076A1FE /* CollectionCell.swift in Sources */,
				EDFADEEA24FA2FC70076A1FE /* RoundedButton.swift in Sources */,
				EDFADF7024FA322F0076A1FE /* ProfileViewController.swift in Sources */,
				EDFADEF924FA30AE0076A1FE /* UICollectionView+Touch.swift in Sources */,
				0CFCC09825162C84009CBE9D /* GiftCardViewModel.swift in Sources */,
				EDFADF6724FA322F0076A1FE /* AccountController.swift in Sources */,
				EDFADEE024FA2F9F0076A1FE /* Color.swift in Sources */,
				0CFCC0A225162C85009CBE9D /* LineItemViewModel.swift in Sources */,
				0CFCC09225162C84009CBE9D /* CheckoutViewModel+PayCheckout.swift in Sources */,
				0CFCC0B525162DDD009CBE9D /* Fragment+ImageConnectionQuery.swift in Sources */,
				EDFADF6824FA322F0076A1FE /* ViewController.swift in Sources */,
				EDFADF7D24FA32540076A1FE /* CartViewController.swift in Sources */,
				0CFCC0BC25162DDD009CBE9D /* Fragment+OrderLineItemConnectionQuery.swift in Sources */,
				EDFADEBF24FA2E2A0076A1FE /* SceneDelegate.swift in Sources */,
				EDFADF6E24FA322F0076A1FE /* CustomerCoordinator.swift in Sources */,
				0CFCC09E25162C85009CBE9D /* AddressViewModel+PayAddress.swift in Sources */,
				0CFCC09625162C84009CBE9D /* CheckoutViewModel.swift in Sources */,
				0CFCC08F25162C84009CBE9D /* ShippingRateViewModel+PayShippingRate.swift in Sources */,
				0C3542B424FFC1270023C271 /* Constants.swift in Sources */,
				0CFCC0A125162C85009CBE9D /* CustomerViewModel.swift in Sources */,
				EDFADEEF24FA30510076A1FE /* StorefrontTableView.swift in Sources */,
				0CFCC0B725162DDD009CBE9D /* Fragment+PaymentQuery.swift in Sources */,
				ED6C22AC24FE3D9700F4F740 /* PushManager.swift in Sources */,
				EDFADEFB24FA30AE0076A1FE /* String+HTML.swift in Sources */,
				EDFADF6F24FA322F0076A1FE /* CustomerViewController.swift in Sources */,
				0CFCC0A025162C85009CBE9D /* CollectionViewModel.swift in Sources */,
				EDFADEE824FA2FC70076A1FE /* SubtitleButton.swift in Sources */,
				EDFADF0524FA30D70076A1FE /* ViewModeling.swift in Sources */,
				0CFCC0BE25162DDD009CBE9D /* GraphQL+Serializable.swift in Sources */,
				EDFADEE924FA2FC70076A1FE /* CartButton.swift in Sources */,
				0CFCC0BB25162DDD009CBE9D /* Fragment+CheckoutQuery.swift in Sources */,
				EDFADF6D24FA322F0076A1FE /* LoginViewController.swift in Sources */,
				0CFCC09925162C84009CBE9D /* ImageViewModel.swift in Sources */,
				EDFADF8624FA32540076A1FE /* ProductDetailsCell.swift in Sources */,
				EDFADF8524FA32540076A1FE /* TotalsViewController.swift in Sources */,
				0CFCC09725162C84009CBE9D /* CreditCardViewModel.swift in Sources */,
				0CFCC09325162C84009CBE9D /* DiscountCodeViewModel.swift in Sources */,
				EDFADF0424FA30D70076A1FE /* ViewModelConfigurable.swift in Sources */,
				0CFCC0B625162DDD009CBE9D /* Fragment+DiscountApplication.swift in Sources */,
				0CFCC0A325162C85009CBE9D /* OrderViewModel.swift in Sources */,
				0CFCC0B925162DDD009CBE9D /* Fragment+ProductConnectionQuery.swift in Sources */,
				0CFCC0B825162DDD009CBE9D /* Fragment+DiscountAllocation.swift in Sources */,
			);
			runOnlyForDeploymentPostprocessing = 0;
		};
/* End PBXSourcesBuildPhase section */

/* Begin PBXVariantGroup section */
		EDFADEC724FA2E2C0076A1FE /* LaunchScreen.storyboard */ = {
			isa = PBXVariantGroup;
			children = (
				EDFADEC824FA2E2C0076A1FE /* Base */,
			);
			name = LaunchScreen.storyboard;
			sourceTree = "<group>";
		};
/* End PBXVariantGroup section */

/* Begin XCBuildConfiguration section */
		EDFADECB24FA2E2C0076A1FE /* Debug */ = {
			isa = XCBuildConfiguration;
			buildSettings = {
				ALWAYS_SEARCH_USER_PATHS = NO;
				CLANG_ANALYZER_NONNULL = YES;
				CLANG_ANALYZER_NUMBER_OBJECT_CONVERSION = YES_AGGRESSIVE;
				CLANG_CXX_LANGUAGE_STANDARD = "gnu++14";
				CLANG_CXX_LIBRARY = "libc++";
				CLANG_ENABLE_MODULES = YES;
				CLANG_ENABLE_OBJC_ARC = YES;
				CLANG_ENABLE_OBJC_WEAK = YES;
				CLANG_WARN_BLOCK_CAPTURE_AUTORELEASING = YES;
				CLANG_WARN_BOOL_CONVERSION = YES;
				CLANG_WARN_COMMA = YES;
				CLANG_WARN_CONSTANT_CONVERSION = YES;
				CLANG_WARN_DEPRECATED_OBJC_IMPLEMENTATIONS = YES;
				CLANG_WARN_DIRECT_OBJC_ISA_USAGE = YES_ERROR;
				CLANG_WARN_DOCUMENTATION_COMMENTS = YES;
				CLANG_WARN_EMPTY_BODY = YES;
				CLANG_WARN_ENUM_CONVERSION = YES;
				CLANG_WARN_INFINITE_RECURSION = YES;
				CLANG_WARN_INT_CONVERSION = YES;
				CLANG_WARN_NON_LITERAL_NULL_CONVERSION = YES;
				CLANG_WARN_OBJC_IMPLICIT_RETAIN_SELF = YES;
				CLANG_WARN_OBJC_LITERAL_CONVERSION = YES;
				CLANG_WARN_OBJC_ROOT_CLASS = YES_ERROR;
				CLANG_WARN_RANGE_LOOP_ANALYSIS = YES;
				CLANG_WARN_STRICT_PROTOTYPES = YES;
				CLANG_WARN_SUSPICIOUS_MOVE = YES;
				CLANG_WARN_UNGUARDED_AVAILABILITY = YES_AGGRESSIVE;
				CLANG_WARN_UNREACHABLE_CODE = YES;
				CLANG_WARN__DUPLICATE_METHOD_MATCH = YES;
				CODE_SIGN_IDENTITY = "iPhone Developer: Palash Das (578FNYJC7X)";
				CODE_SIGN_STYLE = Manual;
				COPY_PHASE_STRIP = NO;
				DEBUG_INFORMATION_FORMAT = dwarf;
				ENABLE_STRICT_OBJC_MSGSEND = YES;
				ENABLE_TESTABILITY = YES;
				GCC_C_LANGUAGE_STANDARD = gnu11;
				GCC_DYNAMIC_NO_PIC = NO;
				GCC_NO_COMMON_BLOCKS = YES;
				GCC_OPTIMIZATION_LEVEL = 0;
				GCC_PREPROCESSOR_DEFINITIONS = (
					"DEBUG=1",
					"$(inherited)",
				);
				GCC_WARN_64_TO_32_BIT_CONVERSION = YES;
				GCC_WARN_ABOUT_RETURN_TYPE = YES_ERROR;
				GCC_WARN_UNDECLARED_SELECTOR = YES;
				GCC_WARN_UNINITIALIZED_AUTOS = YES_AGGRESSIVE;
				GCC_WARN_UNUSED_FUNCTION = YES;
				GCC_WARN_UNUSED_VARIABLE = YES;
				IPHONEOS_DEPLOYMENT_TARGET = 13.0;
				MTL_ENABLE_DEBUG_INFO = INCLUDE_SOURCE;
				MTL_FAST_MATH = YES;
				ONLY_ACTIVE_ARCH = YES;
				SDKROOT = iphoneos;
				SWIFT_ACTIVE_COMPILATION_CONDITIONS = DEBUG;
				SWIFT_OPTIMIZATION_LEVEL = "-Onone";
			};
			name = Debug;
		};
		EDFADECC24FA2E2C0076A1FE /* Release */ = {
			isa = XCBuildConfiguration;
			buildSettings = {
				ALWAYS_SEARCH_USER_PATHS = NO;
				CLANG_ANALYZER_NONNULL = YES;
				CLANG_ANALYZER_NUMBER_OBJECT_CONVERSION = YES_AGGRESSIVE;
				CLANG_CXX_LANGUAGE_STANDARD = "gnu++14";
				CLANG_CXX_LIBRARY = "libc++";
				CLANG_ENABLE_MODULES = YES;
				CLANG_ENABLE_OBJC_ARC = YES;
				CLANG_ENABLE_OBJC_WEAK = YES;
				CLANG_WARN_BLOCK_CAPTURE_AUTORELEASING = YES;
				CLANG_WARN_BOOL_CONVERSION = YES;
				CLANG_WARN_COMMA = YES;
				CLANG_WARN_CONSTANT_CONVERSION = YES;
				CLANG_WARN_DEPRECATED_OBJC_IMPLEMENTATIONS = YES;
				CLANG_WARN_DIRECT_OBJC_ISA_USAGE = YES_ERROR;
				CLANG_WARN_DOCUMENTATION_COMMENTS = YES;
				CLANG_WARN_EMPTY_BODY = YES;
				CLANG_WARN_ENUM_CONVERSION = YES;
				CLANG_WARN_INFINITE_RECURSION = YES;
				CLANG_WARN_INT_CONVERSION = YES;
				CLANG_WARN_NON_LITERAL_NULL_CONVERSION = YES;
				CLANG_WARN_OBJC_IMPLICIT_RETAIN_SELF = YES;
				CLANG_WARN_OBJC_LITERAL_CONVERSION = YES;
				CLANG_WARN_OBJC_ROOT_CLASS = YES_ERROR;
				CLANG_WARN_RANGE_LOOP_ANALYSIS = YES;
				CLANG_WARN_STRICT_PROTOTYPES = YES;
				CLANG_WARN_SUSPICIOUS_MOVE = YES;
				CLANG_WARN_UNGUARDED_AVAILABILITY = YES_AGGRESSIVE;
				CLANG_WARN_UNREACHABLE_CODE = YES;
				CLANG_WARN__DUPLICATE_METHOD_MATCH = YES;
				CODE_SIGN_IDENTITY = "iPhone Developer: Palash Das (578FNYJC7X)";
				CODE_SIGN_STYLE = Manual;
				COPY_PHASE_STRIP = NO;
				DEBUG_INFORMATION_FORMAT = "dwarf-with-dsym";
				ENABLE_NS_ASSERTIONS = NO;
				ENABLE_STRICT_OBJC_MSGSEND = YES;
				GCC_C_LANGUAGE_STANDARD = gnu11;
				GCC_NO_COMMON_BLOCKS = YES;
				GCC_WARN_64_TO_32_BIT_CONVERSION = YES;
				GCC_WARN_ABOUT_RETURN_TYPE = YES_ERROR;
				GCC_WARN_UNDECLARED_SELECTOR = YES;
				GCC_WARN_UNINITIALIZED_AUTOS = YES_AGGRESSIVE;
				GCC_WARN_UNUSED_FUNCTION = YES;
				GCC_WARN_UNUSED_VARIABLE = YES;
				IPHONEOS_DEPLOYMENT_TARGET = 13.0;
				MTL_ENABLE_DEBUG_INFO = NO;
				MTL_FAST_MATH = YES;
				SDKROOT = iphoneos;
				SWIFT_COMPILATION_MODE = wholemodule;
				SWIFT_OPTIMIZATION_LEVEL = "-O";
				VALIDATE_PRODUCT = YES;
			};
			name = Release;
		};
		EDFADECE24FA2E2C0076A1FE /* Debug */ = {
			isa = XCBuildConfiguration;
			buildSettings = {
				ASSETCATALOG_COMPILER_APPICON_NAME = AppIcon;
				CODE_SIGN_ENTITLEMENTS = "Shopify Demo/Retail Sample.entitlements";
				CODE_SIGN_IDENTITY = "iPhone Developer: Palash Das (578FNYJC7X)";
				CODE_SIGN_STYLE = Manual;
				CURRENT_PROJECT_VERSION = 9;
				DEVELOPMENT_TEAM = A3K7YHSW33;
				FRAMEWORK_SEARCH_PATHS = (
					"$(inherited)",
					"$(PROJECT_DIR)/Shopify\\ Demo",
					"$(SRCROOT)/Carthage/Build/iOS",
					"$(PROJECT_DIR)/Carthage/Build/iOS",
				);
				INFOPLIST_FILE = "Shopify Demo/Info.plist";
				IPHONEOS_DEPLOYMENT_TARGET = 13.0;
				LD_RUNPATH_SEARCH_PATHS = (
					"$(inherited)",
					"@executable_path/Frameworks",
				);
				MARKETING_VERSION = 1.0;
				PRODUCT_BUNDLE_IDENTIFIER = app.shopifydemo.com;
				PRODUCT_NAME = "Retail Sample";
				PROVISIONING_PROFILE_SPECIFIER = ShopifyDemo;
				SWIFT_VERSION = 5.0;
				TARGETED_DEVICE_FAMILY = "1,2";
			};
			name = Debug;
		};
		EDFADECF24FA2E2C0076A1FE /* Release */ = {
			isa = XCBuildConfiguration;
			buildSettings = {
				ASSETCATALOG_COMPILER_APPICON_NAME = AppIcon;
				CODE_SIGN_ENTITLEMENTS = "Shopify Demo/Retail Sample.entitlements";
				CODE_SIGN_IDENTITY = "iPhone Developer: Palash Das (578FNYJC7X)";
				CODE_SIGN_STYLE = Manual;
				CURRENT_PROJECT_VERSION = 9;
				DEVELOPMENT_TEAM = A3K7YHSW33;
				FRAMEWORK_SEARCH_PATHS = (
					"$(inherited)",
					"$(PROJECT_DIR)/Shopify\\ Demo",
					"$(SRCROOT)/Carthage/Build/iOS",
					"$(PROJECT_DIR)/Carthage/Build/iOS",
				);
				INFOPLIST_FILE = "Shopify Demo/Info.plist";
				IPHONEOS_DEPLOYMENT_TARGET = 13.0;
				LD_RUNPATH_SEARCH_PATHS = (
					"$(inherited)",
					"@executable_path/Frameworks",
				);
				MARKETING_VERSION = 1.0;
				PRODUCT_BUNDLE_IDENTIFIER = app.shopifydemo.com;
				PRODUCT_NAME = "Retail Sample";
				PROVISIONING_PROFILE_SPECIFIER = ShopifyDemo;
				SWIFT_VERSION = 5.0;
				TARGETED_DEVICE_FAMILY = "1,2";
			};
			name = Release;
		};
/* End XCBuildConfiguration section */

/* Begin XCConfigurationList section */
		EDFADEB424FA2E2A0076A1FE /* Build configuration list for PBXProject "Shopify Demo" */ = {
			isa = XCConfigurationList;
			buildConfigurations = (
				EDFADECB24FA2E2C0076A1FE /* Debug */,
				EDFADECC24FA2E2C0076A1FE /* Release */,
			);
			defaultConfigurationIsVisible = 0;
			defaultConfigurationName = Release;
		};
		EDFADECD24FA2E2C0076A1FE /* Build configuration list for PBXNativeTarget "Shopify Demo" */ = {
			isa = XCConfigurationList;
			buildConfigurations = (
				EDFADECE24FA2E2C0076A1FE /* Debug */,
				EDFADECF24FA2E2C0076A1FE /* Release */,
			);
			defaultConfigurationIsVisible = 0;
			defaultConfigurationName = Release;
		};
/* End XCConfigurationList section */
	};
	rootObject = EDFADEB124FA2E2A0076A1FE /* Project object */;
}
